
Microsoft Visual Studio Solution File, Format Version 12.00
# Visual Studio 14
VisualStudioVersion = 14.0.25420.1
MinimumVisualStudioVersion = 10.0.40219.1
Project("{2150E333-8FDC-42A3-9474-1A3956D46DE8}") = "DesignPattern", "DesignPattern", "{6114B08C-59B5-41EB-AE20-D68343104B9B}"
EndProject
Project("{2150E333-8FDC-42A3-9474-1A3956D46DE8}") = "PseudoCode", "PseudoCode", "{AB147126-9CDA-4594-B055-82119671DA31}"
EndProject
Project("{FAE04EC0-301F-11D3-BF4B-00C04F79EFBC}") = "BubbleSort", "PseudoCode\BubbleSort\BubbleSort.csproj", "{E7A2EE6D-F83A-4ADB-B1D8-CBE6F13FE988}"
EndProject
Project("{FAE04EC0-301F-11D3-BF4B-00C04F79EFBC}") = "FlattenArray", "PseudoCode\FlattenArray\FlattenArray.csproj", "{C9CFF935-916D-41EB-A298-7114020BBEF7}"
EndProject
Project("{FAE04EC0-301F-11D3-BF4B-00C04F79EFBC}") = "InstanceCreation", "PseudoCode\InstanceCreation\InstanceCreation.csproj", "{16BAE573-ACEF-4299-8743-E63248F012B2}"
EndProject
Project("{FAE04EC0-301F-11D3-BF4B-00C04F79EFBC}") = "PalindromeString", "PseudoCode\PalindromeString\PalindromeString.csproj", "{19D84686-58B9-45C4-87C2-0ED07BC89DCE}"
EndProject
Project("{FAE04EC0-301F-11D3-BF4B-00C04F79EFBC}") = "ReverseString", "PseudoCode\ReverseString\ReverseString.csproj", "{42197EB9-B3AF-41F1-BD38-7CC17F262AD5}"
EndProject
Project("{FAE04EC0-301F-11D3-BF4B-00C04F79EFBC}") = "SpiralMatrix", "PseudoCode\SpiralMatrix\SpiralMatrix.csproj", "{6471EBA3-CAC0-4777-85E3-8F12F8E53E8C}"
EndProject
Project("{FAE04EC0-301F-11D3-BF4B-00C04F79EFBC}") = "StringOccurences", "PseudoCode\StringOccurences\StringOccurences.csproj", "{E44C191C-86DD-4E21-B5CE-83F7E17F8ECE}"
EndProject
Project("{FAE04EC0-301F-11D3-BF4B-00C04F79EFBC}") = "FactoryDesignPattern", "DesignPattern\FactoryDesignPattern\FactoryDesignPattern.csproj", "{3E8227DE-FB9F-4DC9-B43D-9F8385C993D9}"
EndProject
Project("{FAE04EC0-301F-11D3-BF4B-00C04F79EFBC}") = "SingleTonDesignPattern", "DesignPattern\SingleTonDesignPattern\SingleTonDesignPattern.csproj", "{9A91070A-56A3-4EF6-9117-7822A0760027}"
EndProject
Project("{2150E333-8FDC-42A3-9474-1A3956D46DE8}") = "SolidPrinciple", "SolidPrinciple", "{901F068E-5452-4C4F-8472-E74D365217DF}"
EndProject
Project("{FAE04EC0-301F-11D3-BF4B-00C04F79EFBC}") = "1.SingleResponsibilityPrinciple", "SolidPrinciple\1.SingleResponsibilityPrinciple\1.SingleResponsibilityPrinciple.csproj", "{309AAA83-F304-4FAB-83C1-EB7D8C4CA190}"
EndProject
Project("{FAE04EC0-301F-11D3-BF4B-00C04F79EFBC}") = "2.OpenClosedPrinciple", "SolidPrinciple\2.OpenClosedPrinciple\2.OpenClosedPrinciple.csproj", "{7F0EFD80-B9D5-4B44-B412-85849536A5B2}"
EndProject
Project("{FAE04EC0-301F-11D3-BF4B-00C04F79EFBC}") = "3.LiskovSubstitutionPrinciple", "SolidPrinciple\3.LiskovSubstitutionPrinciple\3.LiskovSubstitutionPrinciple.csproj", "{46FD0AE9-4A6D-4034-9AE0-99BA22DF5FC7}"
EndProject
Project("{FAE04EC0-301F-11D3-BF4B-00C04F79EFBC}") = "4.InterfaceSegregationPrinciple", "SolidPrinciple\4.InterfaceSegregationPrinciple\4.InterfaceSegregationPrinciple.csproj", "{4C23E3C5-038B-4EA9-AE06-B141A61C0CB7}"
EndProject
Project("{FAE04EC0-301F-11D3-BF4B-00C04F79EFBC}") = "5.DependencyInversionPrinciple", "SolidPrinciple\5.DependencyInversionPrinciple\5.DependencyInversionPrinciple.csproj", "{5585F2C2-CC33-48FA-A880-CE0C1825EF84}"
EndProject
Project("{FAE04EC0-301F-11D3-BF4B-00C04F79EFBC}") = "OptionalConstructor", "PseudoCode\OptionalConstructor\OptionalConstructor.csproj", "{6E45AB1C-F4DF-4A8B-BC06-C4C316372B8B}"
EndProject
Project("{FAE04EC0-301F-11D3-BF4B-00C04F79EFBC}") = "Pyramid", "PseudoCode\Pyramid\Pyramid.csproj", "{E208418E-3881-465F-9745-9FA20978C89A}"
EndProject
Project("{FAE04EC0-301F-11D3-BF4B-00C04F79EFBC}") = "Search-Binary", "PseudoCode\Search-Binary\Search-Binary.csproj", "{76F592EA-8582-44CE-92DB-5E736443C192}"
EndProject
Project("{FAE04EC0-301F-11D3-BF4B-00C04F79EFBC}") = "Isogram", "PseudoCode\Isogram\Isogram.csproj", "{531A57F6-E790-4CA4-B0BE-7CCCEF4BAAE2}"
EndProject
Project("{2150E333-8FDC-42A3-9474-1A3956D46DE8}") = "Solution Items", "Solution Items", "{6EB7882B-F330-4951-BC15-C40A3AD2C646}"
	ProjectSection(SolutionItems) = preProject
		.gitignore = .gitignore
		SQL Query Sample.sql = SQL Query Sample.sql
	EndProjectSection
EndProject
Project("{FAE04EC0-301F-11D3-BF4B-00C04F79EFBC}") = "CommandDesignPattern", "DesignPattern\CommandDesignPattern\CommandDesignPattern.csproj", "{92533791-342A-4C28-81B0-11EEDA3C10AB}"
EndProject
Project("{FAE04EC0-301F-11D3-BF4B-00C04F79EFBC}") = "ZS.Array.ProblemStatement", "PseudoCode\ZS.Array.ProblemStatement\ZS.Array.ProblemStatement.csproj", "{AECB4290-E2EC-48B1-8D98-FFD94A902A76}"
EndProject
Project("{FAE04EC0-301F-11D3-BF4B-00C04F79EFBC}") = "ZS.FindCircularLinkList", "PseudoCode\ZS.FindCircularLinkList\ZS.FindCircularLinkList.csproj", "{8B2B063E-DDB8-41B8-A53A-6B1C29BBD40E}"
EndProject
Project("{FAE04EC0-301F-11D3-BF4B-00C04F79EFBC}") = "MissingNumberFromSequence", "PseudoCode\MissingNumberFromSequence\MissingNumberFromSequence.csproj", "{FC80BC01-D77F-408C-928A-11111B3AFB92}"
EndProject
Project("{FAE04EC0-301F-11D3-BF4B-00C04F79EFBC}") = "SelectionSort", "PseudoCode\SelectionSort\SelectionSort.csproj", "{7D86D56A-1EBB-4859-AC25-8745B22D8856}"
EndProject
Project("{FAE04EC0-301F-11D3-BF4B-00C04F79EFBC}") = "CodePlayGround", "PseudoCode\CodePlayGround\CodePlayGround.csproj", "{CD247F7E-9913-496F-8043-1CBFA14B5840}"
EndProject
Project("{FAE04EC0-301F-11D3-BF4B-00C04F79EFBC}") = "InsertionSort", "PseudoCode\InsertionSort\InsertionSort.csproj", "{8474BF85-C3D9-4D3B-ADEC-1F2F782D975B}"
EndProject
Project("{FAE04EC0-301F-11D3-BF4B-00C04F79EFBC}") = "AbstractFactoryPattern", "DesignPattern\AbstractFactoryPattern\AbstractFactoryPattern.csproj", "{12D1EAE5-44A2-4B98-B1C8-D439E56A6149}"
EndProject
Global
	GlobalSection(SolutionConfigurationPlatforms) = preSolution
		Debug|Any CPU = Debug|Any CPU
		Release|Any CPU = Release|Any CPU
	EndGlobalSection
	GlobalSection(ProjectConfigurationPlatforms) = postSolution
		{E7A2EE6D-F83A-4ADB-B1D8-CBE6F13FE988}.Debug|Any CPU.ActiveCfg = Debug|Any CPU
		{E7A2EE6D-F83A-4ADB-B1D8-CBE6F13FE988}.Debug|Any CPU.Build.0 = Debug|Any CPU
		{E7A2EE6D-F83A-4ADB-B1D8-CBE6F13FE988}.Release|Any CPU.ActiveCfg = Release|Any CPU
		{E7A2EE6D-F83A-4ADB-B1D8-CBE6F13FE988}.Release|Any CPU.Build.0 = Release|Any CPU
		{C9CFF935-916D-41EB-A298-7114020BBEF7}.Debug|Any CPU.ActiveCfg = Debug|Any CPU
		{C9CFF935-916D-41EB-A298-7114020BBEF7}.Debug|Any CPU.Build.0 = Debug|Any CPU
		{C9CFF935-916D-41EB-A298-7114020BBEF7}.Release|Any CPU.ActiveCfg = Release|Any CPU
		{C9CFF935-916D-41EB-A298-7114020BBEF7}.Release|Any CPU.Build.0 = Release|Any CPU
		{16BAE573-ACEF-4299-8743-E63248F012B2}.Debug|Any CPU.ActiveCfg = Debug|Any CPU
		{16BAE573-ACEF-4299-8743-E63248F012B2}.Debug|Any CPU.Build.0 = Debug|Any CPU
		{16BAE573-ACEF-4299-8743-E63248F012B2}.Release|Any CPU.ActiveCfg = Release|Any CPU
		{16BAE573-ACEF-4299-8743-E63248F012B2}.Release|Any CPU.Build.0 = Release|Any CPU
		{19D84686-58B9-45C4-87C2-0ED07BC89DCE}.Debug|Any CPU.ActiveCfg = Debug|Any CPU
		{19D84686-58B9-45C4-87C2-0ED07BC89DCE}.Debug|Any CPU.Build.0 = Debug|Any CPU
		{19D84686-58B9-45C4-87C2-0ED07BC89DCE}.Release|Any CPU.ActiveCfg = Release|Any CPU
		{19D84686-58B9-45C4-87C2-0ED07BC89DCE}.Release|Any CPU.Build.0 = Release|Any CPU
		{42197EB9-B3AF-41F1-BD38-7CC17F262AD5}.Debug|Any CPU.ActiveCfg = Debug|Any CPU
		{42197EB9-B3AF-41F1-BD38-7CC17F262AD5}.Debug|Any CPU.Build.0 = Debug|Any CPU
		{42197EB9-B3AF-41F1-BD38-7CC17F262AD5}.Release|Any CPU.ActiveCfg = Release|Any CPU
		{42197EB9-B3AF-41F1-BD38-7CC17F262AD5}.Release|Any CPU.Build.0 = Release|Any CPU
		{6471EBA3-CAC0-4777-85E3-8F12F8E53E8C}.Debug|Any CPU.ActiveCfg = Debug|Any CPU
		{6471EBA3-CAC0-4777-85E3-8F12F8E53E8C}.Debug|Any CPU.Build.0 = Debug|Any CPU
		{6471EBA3-CAC0-4777-85E3-8F12F8E53E8C}.Release|Any CPU.ActiveCfg = Release|Any CPU
		{6471EBA3-CAC0-4777-85E3-8F12F8E53E8C}.Release|Any CPU.Build.0 = Release|Any CPU
		{E44C191C-86DD-4E21-B5CE-83F7E17F8ECE}.Debug|Any CPU.ActiveCfg = Debug|Any CPU
		{E44C191C-86DD-4E21-B5CE-83F7E17F8ECE}.Debug|Any CPU.Build.0 = Debug|Any CPU
		{E44C191C-86DD-4E21-B5CE-83F7E17F8ECE}.Release|Any CPU.ActiveCfg = Release|Any CPU
		{E44C191C-86DD-4E21-B5CE-83F7E17F8ECE}.Release|Any CPU.Build.0 = Release|Any CPU
		{3E8227DE-FB9F-4DC9-B43D-9F8385C993D9}.Debug|Any CPU.ActiveCfg = Debug|Any CPU
		{3E8227DE-FB9F-4DC9-B43D-9F8385C993D9}.Debug|Any CPU.Build.0 = Debug|Any CPU
		{3E8227DE-FB9F-4DC9-B43D-9F8385C993D9}.Release|Any CPU.ActiveCfg = Release|Any CPU
		{3E8227DE-FB9F-4DC9-B43D-9F8385C993D9}.Release|Any CPU.Build.0 = Release|Any CPU
		{9A91070A-56A3-4EF6-9117-7822A0760027}.Debug|Any CPU.ActiveCfg = Debug|Any CPU
		{9A91070A-56A3-4EF6-9117-7822A0760027}.Debug|Any CPU.Build.0 = Debug|Any CPU
		{9A91070A-56A3-4EF6-9117-7822A0760027}.Release|Any CPU.ActiveCfg = Release|Any CPU
		{9A91070A-56A3-4EF6-9117-7822A0760027}.Release|Any CPU.Build.0 = Release|Any CPU
		{309AAA83-F304-4FAB-83C1-EB7D8C4CA190}.Debug|Any CPU.ActiveCfg = Debug|Any CPU
		{309AAA83-F304-4FAB-83C1-EB7D8C4CA190}.Debug|Any CPU.Build.0 = Debug|Any CPU
		{309AAA83-F304-4FAB-83C1-EB7D8C4CA190}.Release|Any CPU.ActiveCfg = Release|Any CPU
		{309AAA83-F304-4FAB-83C1-EB7D8C4CA190}.Release|Any CPU.Build.0 = Release|Any CPU
		{7F0EFD80-B9D5-4B44-B412-85849536A5B2}.Debug|Any CPU.ActiveCfg = Debug|Any CPU
		{7F0EFD80-B9D5-4B44-B412-85849536A5B2}.Debug|Any CPU.Build.0 = Debug|Any CPU
		{7F0EFD80-B9D5-4B44-B412-85849536A5B2}.Release|Any CPU.ActiveCfg = Release|Any CPU
		{7F0EFD80-B9D5-4B44-B412-85849536A5B2}.Release|Any CPU.Build.0 = Release|Any CPU
		{46FD0AE9-4A6D-4034-9AE0-99BA22DF5FC7}.Debug|Any CPU.ActiveCfg = Debug|Any CPU
		{46FD0AE9-4A6D-4034-9AE0-99BA22DF5FC7}.Debug|Any CPU.Build.0 = Debug|Any CPU
		{46FD0AE9-4A6D-4034-9AE0-99BA22DF5FC7}.Release|Any CPU.ActiveCfg = Release|Any CPU
		{46FD0AE9-4A6D-4034-9AE0-99BA22DF5FC7}.Release|Any CPU.Build.0 = Release|Any CPU
		{4C23E3C5-038B-4EA9-AE06-B141A61C0CB7}.Debug|Any CPU.ActiveCfg = Debug|Any CPU
		{4C23E3C5-038B-4EA9-AE06-B141A61C0CB7}.Debug|Any CPU.Build.0 = Debug|Any CPU
		{4C23E3C5-038B-4EA9-AE06-B141A61C0CB7}.Release|Any CPU.ActiveCfg = Release|Any CPU
		{4C23E3C5-038B-4EA9-AE06-B141A61C0CB7}.Release|Any CPU.Build.0 = Release|Any CPU
		{5585F2C2-CC33-48FA-A880-CE0C1825EF84}.Debug|Any CPU.ActiveCfg = Debug|Any CPU
		{5585F2C2-CC33-48FA-A880-CE0C1825EF84}.Debug|Any CPU.Build.0 = Debug|Any CPU
		{5585F2C2-CC33-48FA-A880-CE0C1825EF84}.Release|Any CPU.ActiveCfg = Release|Any CPU
		{5585F2C2-CC33-48FA-A880-CE0C1825EF84}.Release|Any CPU.Build.0 = Release|Any CPU
		{6E45AB1C-F4DF-4A8B-BC06-C4C316372B8B}.Debug|Any CPU.ActiveCfg = Debug|Any CPU
		{6E45AB1C-F4DF-4A8B-BC06-C4C316372B8B}.Debug|Any CPU.Build.0 = Debug|Any CPU
		{6E45AB1C-F4DF-4A8B-BC06-C4C316372B8B}.Release|Any CPU.ActiveCfg = Release|Any CPU
		{6E45AB1C-F4DF-4A8B-BC06-C4C316372B8B}.Release|Any CPU.Build.0 = Release|Any CPU
		{E208418E-3881-465F-9745-9FA20978C89A}.Debug|Any CPU.ActiveCfg = Debug|Any CPU
		{E208418E-3881-465F-9745-9FA20978C89A}.Debug|Any CPU.Build.0 = Debug|Any CPU
		{E208418E-3881-465F-9745-9FA20978C89A}.Release|Any CPU.ActiveCfg = Release|Any CPU
		{E208418E-3881-465F-9745-9FA20978C89A}.Release|Any CPU.Build.0 = Release|Any CPU
		{76F592EA-8582-44CE-92DB-5E736443C192}.Debug|Any CPU.ActiveCfg = Debug|Any CPU
		{76F592EA-8582-44CE-92DB-5E736443C192}.Debug|Any CPU.Build.0 = Debug|Any CPU
		{76F592EA-8582-44CE-92DB-5E736443C192}.Release|Any CPU.ActiveCfg = Release|Any CPU
		{76F592EA-8582-44CE-92DB-5E736443C192}.Release|Any CPU.Build.0 = Release|Any CPU
		{531A57F6-E790-4CA4-B0BE-7CCCEF4BAAE2}.Debug|Any CPU.ActiveCfg = Debug|Any CPU
		{531A57F6-E790-4CA4-B0BE-7CCCEF4BAAE2}.Debug|Any CPU.Build.0 = Debug|Any CPU
		{531A57F6-E790-4CA4-B0BE-7CCCEF4BAAE2}.Release|Any CPU.ActiveCfg = Release|Any CPU
		{531A57F6-E790-4CA4-B0BE-7CCCEF4BAAE2}.Release|Any CPU.Build.0 = Release|Any CPU
		{92533791-342A-4C28-81B0-11EEDA3C10AB}.Debug|Any CPU.ActiveCfg = Debug|Any CPU
		{92533791-342A-4C28-81B0-11EEDA3C10AB}.Debug|Any CPU.Build.0 = Debug|Any CPU
		{92533791-342A-4C28-81B0-11EEDA3C10AB}.Release|Any CPU.ActiveCfg = Release|Any CPU
		{92533791-342A-4C28-81B0-11EEDA3C10AB}.Release|Any CPU.Build.0 = Release|Any CPU
		{AECB4290-E2EC-48B1-8D98-FFD94A902A76}.Debug|Any CPU.ActiveCfg = Debug|Any CPU
		{AECB4290-E2EC-48B1-8D98-FFD94A902A76}.Debug|Any CPU.Build.0 = Debug|Any CPU
		{AECB4290-E2EC-48B1-8D98-FFD94A902A76}.Release|Any CPU.ActiveCfg = Release|Any CPU
		{AECB4290-E2EC-48B1-8D98-FFD94A902A76}.Release|Any CPU.Build.0 = Release|Any CPU
		{8B2B063E-DDB8-41B8-A53A-6B1C29BBD40E}.Debug|Any CPU.ActiveCfg = Debug|Any CPU
		{8B2B063E-DDB8-41B8-A53A-6B1C29BBD40E}.Debug|Any CPU.Build.0 = Debug|Any CPU
		{8B2B063E-DDB8-41B8-A53A-6B1C29BBD40E}.Release|Any CPU.ActiveCfg = Release|Any CPU
		{8B2B063E-DDB8-41B8-A53A-6B1C29BBD40E}.Release|Any CPU.Build.0 = Release|Any CPU
		{FC80BC01-D77F-408C-928A-11111B3AFB92}.Debug|Any CPU.ActiveCfg = Debug|Any CPU
		{FC80BC01-D77F-408C-928A-11111B3AFB92}.Debug|Any CPU.Build.0 = Debug|Any CPU
		{FC80BC01-D77F-408C-928A-11111B3AFB92}.Release|Any CPU.ActiveCfg = Release|Any CPU
		{FC80BC01-D77F-408C-928A-11111B3AFB92}.Release|Any CPU.Build.0 = Release|Any CPU
		{7D86D56A-1EBB-4859-AC25-8745B22D8856}.Debug|Any CPU.ActiveCfg = Debug|Any CPU
		{7D86D56A-1EBB-4859-AC25-8745B22D8856}.Debug|Any CPU.Build.0 = Debug|Any CPU
		{7D86D56A-1EBB-4859-AC25-8745B22D8856}.Release|Any CPU.ActiveCfg = Release|Any CPU
		{7D86D56A-1EBB-4859-AC25-8745B22D8856}.Release|Any CPU.Build.0 = Release|Any CPU
		{CD247F7E-9913-496F-8043-1CBFA14B5840}.Debug|Any CPU.ActiveCfg = Debug|Any CPU
		{CD247F7E-9913-496F-8043-1CBFA14B5840}.Debug|Any CPU.Build.0 = Debug|Any CPU
		{CD247F7E-9913-496F-8043-1CBFA14B5840}.Release|Any CPU.ActiveCfg = Release|Any CPU
		{CD247F7E-9913-496F-8043-1CBFA14B5840}.Release|Any CPU.Build.0 = Release|Any CPU
		{8474BF85-C3D9-4D3B-ADEC-1F2F782D975B}.Debug|Any CPU.ActiveCfg = Debug|Any CPU
		{8474BF85-C3D9-4D3B-ADEC-1F2F782D975B}.Debug|Any CPU.Build.0 = Debug|Any CPU
		{8474BF85-C3D9-4D3B-ADEC-1F2F782D975B}.Release|Any CPU.ActiveCfg = Release|Any CPU
		{8474BF85-C3D9-4D3B-ADEC-1F2F782D975B}.Release|Any CPU.Build.0 = Release|Any CPU
		{12D1EAE5-44A2-4B98-B1C8-D439E56A6149}.Debug|Any CPU.ActiveCfg = Debug|Any CPU
		{12D1EAE5-44A2-4B98-B1C8-D439E56A6149}.Debug|Any CPU.Build.0 = Debug|Any CPU
		{12D1EAE5-44A2-4B98-B1C8-D439E56A6149}.Release|Any CPU.ActiveCfg = Release|Any CPU
		{12D1EAE5-44A2-4B98-B1C8-D439E56A6149}.Release|Any CPU.Build.0 = Release|Any CPU
	EndGlobalSection
	GlobalSection(SolutionProperties) = preSolution
		HideSolutionNode = FALSE
	EndGlobalSection
	GlobalSection(NestedProjects) = preSolution
		{E7A2EE6D-F83A-4ADB-B1D8-CBE6F13FE988} = {AB147126-9CDA-4594-B055-82119671DA31}
		{C9CFF935-916D-41EB-A298-7114020BBEF7} = {AB147126-9CDA-4594-B055-82119671DA31}
		{16BAE573-ACEF-4299-8743-E63248F012B2} = {AB147126-9CDA-4594-B055-82119671DA31}
		{19D84686-58B9-45C4-87C2-0ED07BC89DCE} = {AB147126-9CDA-4594-B055-82119671DA31}
		{42197EB9-B3AF-41F1-BD38-7CC17F262AD5} = {AB147126-9CDA-4594-B055-82119671DA31}
		{6471EBA3-CAC0-4777-85E3-8F12F8E53E8C} = {AB147126-9CDA-4594-B055-82119671DA31}
		{E44C191C-86DD-4E21-B5CE-83F7E17F8ECE} = {AB147126-9CDA-4594-B055-82119671DA31}
		{3E8227DE-FB9F-4DC9-B43D-9F8385C993D9} = {6114B08C-59B5-41EB-AE20-D68343104B9B}
		{9A91070A-56A3-4EF6-9117-7822A0760027} = {6114B08C-59B5-41EB-AE20-D68343104B9B}
		{309AAA83-F304-4FAB-83C1-EB7D8C4CA190} = {901F068E-5452-4C4F-8472-E74D365217DF}
		{7F0EFD80-B9D5-4B44-B412-85849536A5B2} = {901F068E-5452-4C4F-8472-E74D365217DF}
		{46FD0AE9-4A6D-4034-9AE0-99BA22DF5FC7} = {901F068E-5452-4C4F-8472-E74D365217DF}
		{4C23E3C5-038B-4EA9-AE06-B141A61C0CB7} = {901F068E-5452-4C4F-8472-E74D365217DF}
		{5585F2C2-CC33-48FA-A880-CE0C1825EF84} = {901F068E-5452-4C4F-8472-E74D365217DF}
		{6E45AB1C-F4DF-4A8B-BC06-C4C316372B8B} = {AB147126-9CDA-4594-B055-82119671DA31}
		{E208418E-3881-465F-9745-9FA20978C89A} = {AB147126-9CDA-4594-B055-82119671DA31}
		{76F592EA-8582-44CE-92DB-5E736443C192} = {AB147126-9CDA-4594-B055-82119671DA31}
		{531A57F6-E790-4CA4-B0BE-7CCCEF4BAAE2} = {AB147126-9CDA-4594-B055-82119671DA31}
		{92533791-342A-4C28-81B0-11EEDA3C10AB} = {6114B08C-59B5-41EB-AE20-D68343104B9B}
		{AECB4290-E2EC-48B1-8D98-FFD94A902A76} = {AB147126-9CDA-4594-B055-82119671DA31}
		{8B2B063E-DDB8-41B8-A53A-6B1C29BBD40E} = {AB147126-9CDA-4594-B055-82119671DA31}
		{FC80BC01-D77F-408C-928A-11111B3AFB92} = {AB147126-9CDA-4594-B055-82119671DA31}
		{7D86D56A-1EBB-4859-AC25-8745B22D8856} = {AB147126-9CDA-4594-B055-82119671DA31}
		{CD247F7E-9913-496F-8043-1CBFA14B5840} = {AB147126-9CDA-4594-B055-82119671DA31}
		{8474BF85-C3D9-4D3B-ADEC-1F2F782D975B} = {AB147126-9CDA-4594-B055-82119671DA31}
		{12D1EAE5-44A2-4B98-B1C8-D439E56A6149} = {6114B08C-59B5-41EB-AE20-D68343104B9B}
	EndGlobalSection
EndGlobal
